<Solution>
    <Project Path="Maieutics.Agent/Maieutics.Agent.csproj"/>
    <Project Path="Maieutics.Agent.Tests/Maieutics.Agent.Tests.csproj"/>
    <Project Path="Maieutics.Jupyter.Client/Maieutics.Jupyter.Client.csproj"/>
    <Project Path="Maieutics.Jupyter.Kernel/Maieutics.Jupyter.Kernel.csproj"/>
    <Project Path="Maieutics.Jupyter.Shared/Maieutics.Jupyter.Shared.csproj"/>
    <Project Path="Maieutics.Jupyter.Tests/Maieutics.Jupyter.Tests.csproj"/>
    <Project Path="Maieutics/Maieutics.csproj"/>
</Solution>
